// !$*UTF8*$!
{
	archiveVersion = 1;
	classes = {
	};
	objectVersion = 55;
	objects = {

/* Begin PBXBuildFile section */
		F662A287278C8BD60085B9F8 /* watchos golf counter WatchKit App.app in Embed Watch Content */ = {isa = PBXBuildFile; fileRef = F662A286278C8BD60085B9F8 /* watchos golf counter WatchKit App.app */; settings = {ATTRIBUTES = (RemoveHeadersOnCopy, ); }; };
		F662A28C278C8BD90085B9F8 /* Assets.xcassets in Resources */ = {isa = PBXBuildFile; fileRef = F662A28B278C8BD90085B9F8 /* Assets.xcassets */; };
		F662A292278C8BD90085B9F8 /* watchos golf counter WatchKit Extension.appex in Embed App Extensions */ = {isa = PBXBuildFile; fileRef = F662A291278C8BD90085B9F8 /* watchos golf counter WatchKit Extension.appex */; settings = {ATTRIBUTES = (RemoveHeadersOnCopy, ); }; };
		F662A297278C8BD90085B9F8 /* ContentView.swift in Sources */ = {isa = PBXBuildFile; fileRef = F662A296278C8BD90085B9F8 /* ContentView.swift */; };
		F662A299278C8BD90085B9F8 /* watchos_golf_counterApp.swift in Sources */ = {isa = PBXBuildFile; fileRef = F662A298278C8BD90085B9F8 /* watchos_golf_counterApp.swift */; };
		F662A29B278C8BD90085B9F8 /* ComplicationController.swift in Sources */ = {isa = PBXBuildFile; fileRef = F662A29A278C8BD90085B9F8 /* ComplicationController.swift */; };
		F662A29D278C8BDA0085B9F8 /* Assets.xcassets in Resources */ = {isa = PBXBuildFile; fileRef = F662A29C278C8BDA0085B9F8 /* Assets.xcassets */; };
		F662A2A0278C8BDA0085B9F8 /* Preview Assets.xcassets in Resources */ = {isa = PBXBuildFile; fileRef = F662A29F278C8BDA0085B9F8 /* Preview Assets.xcassets */; };
/* End PBXBuildFile section */

/* Begin PBXContainerItemProxy section */
		F662A288278C8BD60085B9F8 /* PBXContainerItemProxy */ = {
			isa = PBXContainerItemProxy;
			containerPortal = F662A27C278C8BD50085B9F8 /* Project object */;
			proxyType = 1;
			remoteGlobalIDString = F662A285278C8BD60085B9F8;
			remoteInfo = "watchos golf counter WatchKit App";
		};
		F662A293278C8BD90085B9F8 /* PBXContainerItemProxy */ = {
			isa = PBXContainerItemProxy;
			containerPortal = F662A27C278C8BD50085B9F8 /* Project object */;
			proxyType = 1;
			remoteGlobalIDString = F662A290278C8BD90085B9F8;
			remoteInfo = "watchos golf counter WatchKit Extension";
		};
/* End PBXContainerItemProxy section */

/* Begin PBXCopyFilesBuildPhase section */
		F662A2A7278C8BDA0085B9F8 /* Embed App Extensions */ = {
			isa = PBXCopyFilesBuildPhase;
			buildActionMask = 2147483647;
			dstPath = "";
			dstSubfolderSpec = 13;
			files = (
				F662A292278C8BD90085B9F8 /* watchos golf counter WatchKit Extension.appex in Embed App Extensions */,
			);
			name = "Embed App Extensions";
			runOnlyForDeploymentPostprocessing = 0;
		};
		F662A2AB278C8BDA0085B9F8 /* Embed Watch Content */ = {
			isa = PBXCopyFilesBuildPhase;
			buildActionMask = 2147483647;
			dstPath = "$(CONTENTS_FOLDER_PATH)/Watch";
			dstSubfolderSpec = 16;
			files = (
				F662A287278C8BD60085B9F8 /* watchos golf counter WatchKit App.app in Embed Watch Content */,
			);
			name = "Embed Watch Content";
			runOnlyForDeploymentPostprocessing = 0;
		};
/* End PBXCopyFilesBuildPhase section */

/* Begin PBXFileReference section */
		F662A282278C8BD50085B9F8 /* watchos golf counter.app */ = {isa = PBXFileReference; explicitFileType = wrapper.application; includeInIndex = 0; path = "watchos golf counter.app"; sourceTree = BUILT_PRODUCTS_DIR; };
		F662A286278C8BD60085B9F8 /* watchos golf counter WatchKit App.app */ = {isa = PBXFileReference; explicitFileType = wrapper.application; includeInIndex = 0; path = "watchos golf counter WatchKit App.app"; sourceTree = BUILT_PRODUCTS_DIR; };
		F662A28B278C8BD90085B9F8 /* Assets.xcassets */ = {isa = PBXFileReference; lastKnownFileType = folder.assetcatalog; path = Assets.xcassets; sourceTree = "<group>"; };
		F662A291278C8BD90085B9F8 /* watchos golf counter WatchKit Extension.appex */ = {isa = PBXFileReference; explicitFileType = "wrapper.app-extension"; includeInIndex = 0; path = "watchos golf counter WatchKit Extension.appex"; sourceTree = BUILT_PRODUCTS_DIR; };
		F662A296278C8BD90085B9F8 /* ContentView.swift */ = {isa = PBXFileReference; lastKnownFileType = sourcecode.swift; path = ContentView.swift; sourceTree = "<group>"; };
		F662A298278C8BD90085B9F8 /* watchos_golf_counterApp.swift */ = {isa = PBXFileReference; lastKnownFileType = sourcecode.swift; path = watchos_golf_counterApp.swift; sourceTree = "<group>"; };
		F662A29A278C8BD90085B9F8 /* ComplicationController.swift */ = {isa = PBXFileReference; lastKnownFileType = sourcecode.swift; path = ComplicationController.swift; sourceTree = "<group>"; };
		F662A29C278C8BDA0085B9F8 /* Assets.xcassets */ = {isa = PBXFileReference; lastKnownFileType = folder.assetcatalog; path = Assets.xcassets; sourceTree = "<group>"; };
		F662A29F278C8BDA0085B9F8 /* Preview Assets.xcassets */ = {isa = PBXFileReference; lastKnownFileType = folder.assetcatalog; path = "Preview Assets.xcassets"; sourceTree = "<group>"; };
		F662A2A1278C8BDA0085B9F8 /* Info.plist */ = {isa = PBXFileReference; lastKnownFileType = text.plist.xml; path = Info.plist; sourceTree = "<group>"; };
/* End PBXFileReference section */

/* Begin PBXFrameworksBuildPhase section */
		F662A28E278C8BD90085B9F8 /* Frameworks */ = {
			isa = PBXFrameworksBuildPhase;
			buildActionMask = 2147483647;
			files = (
			);
			runOnlyForDeploymentPostprocessing = 0;
		};
/* End PBXFrameworksBuildPhase section */

/* Begin PBXGroup section */
		F662A27B278C8BD50085B9F8 = {
			isa = PBXGroup;
			children = (
				F662A28A278C8BD60085B9F8 /* watchos golf counter WatchKit App */,
				F662A295278C8BD90085B9F8 /* watchos golf counter WatchKit Extension */,
				F662A283278C8BD50085B9F8 /* Products */,
			);
			sourceTree = "<group>";
		};
		F662A283278C8BD50085B9F8 /* Products */ = {
			isa = PBXGroup;
			children = (
				F662A282278C8BD50085B9F8 /* watchos golf counter.app */,
				F662A286278C8BD60085B9F8 /* watchos golf counter WatchKit App.app */,
				F662A291278C8BD90085B9F8 /* watchos golf counter WatchKit Extension.appex */,
			);
			name = Products;
			sourceTree = "<group>";
		};
		F662A28A278C8BD60085B9F8 /* watchos golf counter WatchKit App */ = {
			isa = PBXGroup;
			children = (
				F662A28B278C8BD90085B9F8 /* Assets.xcassets */,
			);
			path = "watchos golf counter WatchKit App";
			sourceTree = "<group>";
		};
		F662A295278C8BD90085B9F8 /* watchos golf counter WatchKit Extension */ = {
			isa = PBXGroup;
			children = (
				F662A296278C8BD90085B9F8 /* ContentView.swift */,
				F662A298278C8BD90085B9F8 /* watchos_golf_counterApp.swift */,
				F662A29A278C8BD90085B9F8 /* ComplicationController.swift */,
				F662A29C278C8BDA0085B9F8 /* Assets.xcassets */,
				F662A2A1278C8BDA0085B9F8 /* Info.plist */,
				F662A29E278C8BDA0085B9F8 /* Preview Content */,
			);
			path = "watchos golf counter WatchKit Extension";
			sourceTree = "<group>";
		};
		F662A29E278C8BDA0085B9F8 /* Preview Content */ = {
			isa = PBXGroup;
			children = (
				F662A29F278C8BDA0085B9F8 /* Preview Assets.xcassets */,
			);
			path = "Preview Content";
			sourceTree = "<group>";
		};
/* End PBXGroup section */

/* Begin PBXNativeTarget section */
		F662A281278C8BD50085B9F8 /* watchos golf counter */ = {
			isa = PBXNativeTarget;
			buildConfigurationList = F662A2AC278C8BDA0085B9F8 /* Build configuration list for PBXNativeTarget "watchos golf counter" */;
			buildPhases = (
				F662A280278C8BD50085B9F8 /* Resources */,
				F662A2AB278C8BDA0085B9F8 /* Embed Watch Content */,
			);
			buildRules = (
			);
			dependencies = (
				F662A289278C8BD60085B9F8 /* PBXTargetDependency */,
			);
			name = "watchos golf counter";
			productName = "watchos golf counter";
			productReference = F662A282278C8BD50085B9F8 /* watchos golf counter.app */;
			productType = "com.apple.product-type.application.watchapp2-container";
		};
		F662A285278C8BD60085B9F8 /* watchos golf counter WatchKit App */ = {
			isa = PBXNativeTarget;
			buildConfigurationList = F662A2A8278C8BDA0085B9F8 /* Build configuration list for PBXNativeTarget "watchos golf counter WatchKit App" */;
			buildPhases = (
				F662A284278C8BD60085B9F8 /* Resources */,
				F662A2A7278C8BDA0085B9F8 /* Embed App Extensions */,
			);
			buildRules = (
			);
			dependencies = (
				F662A294278C8BD90085B9F8 /* PBXTargetDependency */,
			);
			name = "watchos golf counter WatchKit App";
			productName = "watchos golf counter WatchKit App";
			productReference = F662A286278C8BD60085B9F8 /* watchos golf counter WatchKit App.app */;
			productType = "com.apple.product-type.application.watchapp2";
		};
		F662A290278C8BD90085B9F8 /* watchos golf counter WatchKit Extension */ = {
			isa = PBXNativeTarget;
			buildConfigurationList = F662A2A4278C8BDA0085B9F8 /* Build configuration list for PBXNativeTarget "watchos golf counter WatchKit Extension" */;
			buildPhases = (
				F662A28D278C8BD90085B9F8 /* Sources */,
				F662A28E278C8BD90085B9F8 /* Frameworks */,
				F662A28F278C8BD90085B9F8 /* Resources */,
			);
			buildRules = (
			);
			dependencies = (
			);
			name = "watchos golf counter WatchKit Extension";
			productName = "watchos golf counter WatchKit Extension";
			productReference = F662A291278C8BD90085B9F8 /* watchos golf counter WatchKit Extension.appex */;
			productType = "com.apple.product-type.watchkit2-extension";
		};
/* End PBXNativeTarget section */

/* Begin PBXProject section */
		F662A27C278C8BD50085B9F8 /* Project object */ = {
			isa = PBXProject;
			attributes = {
				BuildIndependentTargetsInParallel = 1;
				LastSwiftUpdateCheck = 1320;
				LastUpgradeCheck = 1320;
				TargetAttributes = {
					F662A281278C8BD50085B9F8 = {
						CreatedOnToolsVersion = 13.2.1;
					};
					F662A285278C8BD60085B9F8 = {
						CreatedOnToolsVersion = 13.2.1;
					};
					F662A290278C8BD90085B9F8 = {
						CreatedOnToolsVersion = 13.2.1;
					};
				};
			};
			buildConfigurationList = F662A27F278C8BD50085B9F8 /* Build configuration list for PBXProject "watchos golf counter" */;
			compatibilityVersion = "Xcode 13.0";
			developmentRegion = en;
			hasScannedForEncodings = 0;
			knownRegions = (
				en,
				Base,
			);
			mainGroup = F662A27B278C8BD50085B9F8;
			productRefGroup = F662A283278C8BD50085B9F8 /* Products */;
			projectDirPath = "";
			projectRoot = "";
			targets = (
				F662A281278C8BD50085B9F8 /* watchos golf counter */,
				F662A285278C8BD60085B9F8 /* watchos golf counter WatchKit App */,
				F662A290278C8BD90085B9F8 /* watchos golf counter WatchKit Extension */,
			);
		};
/* End PBXProject section */

/* Begin PBXResourcesBuildPhase section */
		F662A280278C8BD50085B9F8 /* Resources */ = {
			isa = PBXResourcesBuildPhase;
			buildActionMask = 2147483647;
			files = (
			);
			runOnlyForDeploymentPostprocessing = 0;
		};
		F662A284278C8BD60085B9F8 /* Resources */ = {
			isa = PBXResourcesBuildPhase;
			buildActionMask = 2147483647;
			files = (
				F662A28C278C8BD90085B9F8 /* Assets.xcassets in Resources */,
			);
			runOnlyForDeploymentPostprocessing = 0;
		};
		F662A28F278C8BD90085B9F8 /* Resources */ = {
			isa = PBXResourcesBuildPhase;
			buildActionMask = 2147483647;
			files = (
				F662A2A0278C8BDA0085B9F8 /* Preview Assets.xcassets in Resources */,
				F662A29D278C8BDA0085B9F8 /* Assets.xcassets in Resources */,
			);
			runOnlyForDeploymentPostprocessing = 0;
		};
/* End PBXResourcesBuildPhase section */

/* Begin PBXSourcesBuildPhase section */
		F662A28D278C8BD90085B9F8 /* Sources */ = {
			isa = PBXSourcesBuildPhase;
			buildActionMask = 2147483647;
			files = (
				F662A299278C8BD90085B9F8 /* watchos_golf_counterApp.swift in Sources */,
				F662A297278C8BD90085B9F8 /* ContentView.swift in Sources */,
				F662A29B278C8BD90085B9F8 /* ComplicationController.swift in Sources */,
			);
			runOnlyForDeploymentPostprocessing = 0;
		};
/* End PBXSourcesBuildPhase section */

/* Begin PBXTargetDependency section */
		F662A289278C8BD60085B9F8 /* PBXTargetDependency */ = {
			isa = PBXTargetDependency;
			target = F662A285278C8BD60085B9F8 /* watchos golf counter WatchKit App */;
			targetProxy = F662A288278C8BD60085B9F8 /* PBXContainerItemProxy */;
		};
		F662A294278C8BD90085B9F8 /* PBXTargetDependency */ = {
			isa = PBXTargetDependency;
			target = F662A290278C8BD90085B9F8 /* watchos golf counter WatchKit Extension */;
			targetProxy = F662A293278C8BD90085B9F8 /* PBXContainerItemProxy */;
		};
/* End PBXTargetDependency section */

/* Begin XCBuildConfiguration section */
		F662A2A2278C8BDA0085B9F8 /* Debug */ = {
			isa = XCBuildConfiguration;
			buildSettings = {
				ALWAYS_SEARCH_USER_PATHS = NO;
				CLANG_ANALYZER_NONNULL = YES;
				CLANG_ANALYZER_NUMBER_OBJECT_CONVERSION = YES_AGGRESSIVE;
				CLANG_CXX_LANGUAGE_STANDARD = "gnu++17";
				CLANG_CXX_LIBRARY = "libc++";
				CLANG_ENABLE_MODULES = YES;
				CLANG_ENABLE_OBJC_ARC = YES;
				CLANG_ENABLE_OBJC_WEAK = YES;
				CLANG_WARN_BLOCK_CAPTURE_AUTORELEASING = YES;
				CLANG_WARN_BOOL_CONVERSION = YES;
				CLANG_WARN_COMMA = YES;
				CLANG_WARN_CONSTANT_CONVERSION = YES;
				CLANG_WARN_DEPRECATED_OBJC_IMPLEMENTATIONS = YES;
				CLANG_WARN_DIRECT_OBJC_ISA_USAGE = YES_ERROR;
				CLANG_WARN_DOCUMENTATION_COMMENTS = YES;
				CLANG_WARN_EMPTY_BODY = YES;
				CLANG_WARN_ENUM_CONVERSION = YES;
				CLANG_WARN_INFINITE_RECURSION = YES;
				CLANG_WARN_INT_CONVERSION = YES;
				CLANG_WARN_NON_LITERAL_NULL_CONVERSION = YES;
				CLANG_WARN_OBJC_IMPLICIT_RETAIN_SELF = YES;
				CLANG_WARN_OBJC_LITERAL_CONVERSION = YES;
				CLANG_WARN_OBJC_ROOT_CLASS = YES_ERROR;
				CLANG_WARN_QUOTED_INCLUDE_IN_FRAMEWORK_HEADER = YES;
				CLANG_WARN_RANGE_LOOP_ANALYSIS = YES;
				CLANG_WARN_STRICT_PROTOTYPES = YES;
				CLANG_WARN_SUSPICIOUS_MOVE = YES;
				CLANG_WARN_UNGUARDED_AVAILABILITY = YES_AGGRESSIVE;
				CLANG_WARN_UNREACHABLE_CODE = YES;
				CLANG_WARN__DUPLICATE_METHOD_MATCH = YES;
				COPY_PHASE_STRIP = NO;
				DEBUG_INFORMATION_FORMAT = dwarf;
				ENABLE_STRICT_OBJC_MSGSEND = YES;
				ENABLE_TESTABILITY = YES;
				GCC_C_LANGUAGE_STANDARD = gnu11;
				GCC_DYNAMIC_NO_PIC = NO;
				GCC_NO_COMMON_BLOCKS = YES;
				GCC_OPTIMIZATION_LEVEL = 0;
				GCC_PREPROCESSOR_DEFINITIONS = (
					"DEBUG=1",
					"$(inherited)",
				);
				GCC_WARN_64_TO_32_BIT_CONVERSION = YES;
				GCC_WARN_ABOUT_RETURN_TYPE = YES_ERROR;
				GCC_WARN_UNDECLARED_SELECTOR = YES;
				GCC_WARN_UNINITIALIZED_AUTOS = YES_AGGRESSIVE;
				GCC_WARN_UNUSED_FUNCTION = YES;
				GCC_WARN_UNUSED_VARIABLE = YES;
				MTL_ENABLE_DEBUG_INFO = INCLUDE_SOURCE;
				MTL_FAST_MATH = YES;
				ONLY_ACTIVE_ARCH = YES;
				SDKROOT = iphoneos;
				SWIFT_ACTIVE_COMPILATION_CONDITIONS = DEBUG;
				SWIFT_OPTIMIZATION_LEVEL = "-Onone";
			};
			name = Debug;
		};
		F662A2A3278C8BDA0085B9F8 /* Release */ = {
			isa = XCBuildConfiguration;
			buildSettings = {
				ALWAYS_SEARCH_USER_PATHS = NO;
				CLANG_ANALYZER_NONNULL = YES;
				CLANG_ANALYZER_NUMBER_OBJECT_CONVERSION = YES_AGGRESSIVE;
				CLANG_CXX_LANGUAGE_STANDARD = "gnu++17";
				CLANG_CXX_LIBRARY = "libc++";
				CLANG_ENABLE_MODULES = YES;
				CLANG_ENABLE_OBJC_ARC = YES;
				CLANG_ENABLE_OBJC_WEAK = YES;
				CLANG_WARN_BLOCK_CAPTURE_AUTORELEASING = YES;
				CLANG_WARN_BOOL_CONVERSION = YES;
				CLANG_WARN_COMMA = YES;
				CLANG_WARN_CONSTANT_CONVERSION = YES;
				CLANG_WARN_DEPRECATED_OBJC_IMPLEMENTATIONS = YES;
				CLANG_WARN_DIRECT_OBJC_ISA_USAGE = YES_ERROR;
				CLANG_WARN_DOCUMENTATION_COMMENTS = YES;
				CLANG_WARN_EMPTY_BODY = YES;
				CLANG_WARN_ENUM_CONVERSION = YES;
				CLANG_WARN_INFINITE_RECURSION = YES;
				CLANG_WARN_INT_CONVERSION = YES;
				CLANG_WARN_NON_LITERAL_NULL_CONVERSION = YES;
				CLANG_WARN_OBJC_IMPLICIT_RETAIN_SELF = YES;
				CLANG_WARN_OBJC_LITERAL_CONVERSION = YES;
				CLANG_WARN_OBJC_ROOT_CLASS = YES_ERROR;
				CLANG_WARN_QUOTED_INCLUDE_IN_FRAMEWORK_HEADER = YES;
				CLANG_WARN_RANGE_LOOP_ANALYSIS = YES;
				CLANG_WARN_STRICT_PROTOTYPES = YES;
				CLANG_WARN_SUSPICIOUS_MOVE = YES;
				CLANG_WARN_UNGUARDED_AVAILABILITY = YES_AGGRESSIVE;
				CLANG_WARN_UNREACHABLE_CODE = YES;
				CLANG_WARN__DUPLICATE_METHOD_MATCH = YES;
				COPY_PHASE_STRIP = NO;
				DEBUG_INFORMATION_FORMAT = "dwarf-with-dsym";
				ENABLE_NS_ASSERTIONS = NO;
				ENABLE_STRICT_OBJC_MSGSEND = YES;
				GCC_C_LANGUAGE_STANDARD = gnu11;
				GCC_NO_COMMON_BLOCKS = YES;
				GCC_WARN_64_TO_32_BIT_CONVERSION = YES;
				GCC_WARN_ABOUT_RETURN_TYPE = YES_ERROR;
				GCC_WARN_UNDECLARED_SELECTOR = YES;
				GCC_WARN_UNINITIALIZED_AUTOS = YES_AGGRESSIVE;
				GCC_WARN_UNUSED_FUNCTION = YES;
				GCC_WARN_UNUSED_VARIABLE = YES;
				MTL_ENABLE_DEBUG_INFO = NO;
				MTL_FAST_MATH = YES;
				SDKROOT = iphoneos;
				SWIFT_COMPILATION_MODE = wholemodule;
				SWIFT_OPTIMIZATION_LEVEL = "-O";
				VALIDATE_PRODUCT = YES;
			};
			name = Release;
		};
		F662A2A5278C8BDA0085B9F8 /* Debug */ = {
			isa = XCBuildConfiguration;
			buildSettings = {
				ASSETCATALOG_COMPILER_COMPLICATION_NAME = Complication;
				CODE_SIGN_STYLE = Automatic;
				CURRENT_PROJECT_VERSION = 1;
				DEVELOPMENT_ASSET_PATHS = "\"watchos golf counter WatchKit Extension/Preview Content\"";
				DEVELOPMENT_TEAM = T7WCWPY535;
				ENABLE_PREVIEWS = YES;
				GENERATE_INFOPLIST_FILE = YES;
				INFOPLIST_FILE = "watchos golf counter WatchKit Extension/Info.plist";
				INFOPLIST_KEY_CFBundleDisplayName = "watchos golf counter WatchKit Extension";
				INFOPLIST_KEY_CLKComplicationPrincipalClass = "$(PRODUCT_MODULE_NAME).ComplicationController";
				INFOPLIST_KEY_NSHumanReadableCopyright = "";
				INFOPLIST_KEY_WKWatchOnly = YES;
				LD_RUNPATH_SEARCH_PATHS = (
					"$(inherited)",
					"@executable_path/Frameworks",
					"@executable_path/../../Frameworks",
				);
				MARKETING_VERSION = 1.0;
				PRODUCT_BUNDLE_IDENTIFIER = "com.higaki.watchos-golf-counter.watchkitapp.watchkitextension";
				PRODUCT_NAME = "${TARGET_NAME}";
				SDKROOT = watchos;
				SKIP_INSTALL = YES;
				SWIFT_EMIT_LOC_STRINGS = YES;
				SWIFT_VERSION = 5.0;
				TARGETED_DEVICE_FAMILY = 4;
				WATCHOS_DEPLOYMENT_TARGET = 8.3;
			};
			name = Debug;
		};
		F662A2A6278C8BDA0085B9F8 /* Release */ = {
			isa = XCBuildConfiguration;
			buildSettings = {
				ASSETCATALOG_COMPILER_COMPLICATION_NAME = Complication;
				CODE_SIGN_STYLE = Automatic;
				CURRENT_PROJECT_VERSION = 1;
				DEVELOPMENT_ASSET_PATHS = "\"watchos golf counter WatchKit Extension/Preview Content\"";
				DEVELOPMENT_TEAM = T7WCWPY535;
				ENABLE_PREVIEWS = YES;
				GENERATE_INFOPLIST_FILE = YES;
				INFOPLIST_FILE = "watchos golf counter WatchKit Extension/Info.plist";
				INFOPLIST_KEY_CFBundleDisplayName = "watchos golf counter WatchKit Extension";
				INFOPLIST_KEY_CLKComplicationPrincipalClass = "$(PRODUCT_MODULE_NAME).ComplicationController";
				INFOPLIST_KEY_NSHumanReadableCopyright = "";
				INFOPLIST_KEY_WKWatchOnly = YES;
				LD_RUNPATH_SEARCH_PATHS = (
					"$(inherited)",
					"@executable_path/Frameworks",
					"@executable_path/../../Frameworks",
				);
				MARKETING_VERSION = 1.0;
				PRODUCT_BUNDLE_IDENTIFIER = "com.higaki.watchos-golf-counter.watchkitapp.watchkitextension";
				PRODUCT_NAME = "${TARGET_NAME}";
				SDKROOT = watchos;
				SKIP_INSTALL = YES;
				SWIFT_EMIT_LOC_STRINGS = YES;
				SWIFT_VERSION = 5.0;
				TARGETED_DEVICE_FAMILY = 4;
				WATCHOS_DEPLOYMENT_TARGET = 8.3;
			};
			name = Release;
		};
		F662A2A9278C8BDA0085B9F8 /* Debug */ = {
			isa = XCBuildConfiguration;
			buildSettings = {
				ALWAYS_EMBED_SWIFT_STANDARD_LIBRARIES = YES;
				ASSETCATALOG_COMPILER_APPICON_NAME = AppIcon;
				ASSETCATALOG_COMPILER_GLOBAL_ACCENT_COLOR_NAME = AccentColor;
				CODE_SIGN_STYLE = Automatic;
				CURRENT_PROJECT_VERSION = 1;
				DEVELOPMENT_TEAM = T7WCWPY535;
				GENERATE_INFOPLIST_FILE = YES;
				IBSC_MODULE = watchos_golf_counter_WatchKit_Extension;
				INFOPLIST_KEY_CFBundleDisplayName = "watchos golf counter WatchKit App";
				INFOPLIST_KEY_UISupportedInterfaceOrientations = "UIInterfaceOrientationPortrait UIInterfaceOrientationPortraitUpsideDown";
				MARKETING_VERSION = 1.0;
				PRODUCT_BUNDLE_IDENTIFIER = "com.higaki.watchos-golf-counter.watchkitapp";
				PRODUCT_NAME = "$(TARGET_NAME)";
				SDKROOT = watchos;
				SKIP_INSTALL = YES;
				SWIFT_EMIT_LOC_STRINGS = YES;
				SWIFT_VERSION = 5.0;
				TARGETED_DEVICE_FAMILY = 4;
				WATCHOS_DEPLOYMENT_TARGET = 8.3;
			};
			name = Debug;
		};
		F662A2AA278C8BDA0085B9F8 /* Release */ = {
			isa = XCBuildConfiguration;
			buildSettings = {
				ALWAYS_EMBED_SWIFT_STANDARD_LIBRARIES = YES;
				ASSETCATALOG_COMPILER_APPICON_NAME = AppIcon;
				ASSETCATALOG_COMPILER_GLOBAL_ACCENT_COLOR_NAME = AccentColor;
				CODE_SIGN_STYLE = Automatic;
				CURRENT_PROJECT_VERSION = 1;
				DEVELOPMENT_TEAM = T7WCWPY535;
				GENERATE_INFOPLIST_FILE = YES;
				IBSC_MODULE = watchos_golf_counter_WatchKit_Extension;
				INFOPLIST_KEY_CFBundleDisplayName = "watchos golf counter WatchKit App";
				INFOPLIST_KEY_UISupportedInterfaceOrientations = "UIInterfaceOrientationPortrait UIInterfaceOrientationPortraitUpsideDown";
				MARKETING_VERSION = 1.0;
				PRODUCT_BUNDLE_IDENTIFIER = "com.higaki.watchos-golf-counter.watchkitapp";
				PRODUCT_NAME = "$(TARGET_NAME)";
				SDKROOT = watchos;
				SKIP_INSTALL = YES;
				SWIFT_EMIT_LOC_STRINGS = YES;
				SWIFT_VERSION = 5.0;
				TARGETED_DEVICE_FAMILY = 4;
				WATCHOS_DEPLOYMENT_TARGET = 8.3;
			};
			name = Release;
		};
		F662A2AD278C8BDA0085B9F8 /* Debug */ = {
			isa = XCBuildConfiguration;
			buildSettings = {
				CODE_SIGN_STYLE = Automatic;
				CURRENT_PROJECT_VERSION = 1;
				DEVELOPMENT_TEAM = T7WCWPY535;
				MARKETING_VERSION = 1.0;
				PRODUCT_BUNDLE_IDENTIFIER = "com.higaki.watchos-golf-counter";
				PRODUCT_NAME = "$(TARGET_NAME)";
				SWIFT_VERSION = 5.0;
			};
			name = Debug;
		};
		F662A2AE278C8BDA0085B9F8 /* Release */ = {
			isa = XCBuildConfiguration;
			buildSettings = {
				CODE_SIGN_STYLE = Automatic;
				CURRENT_PROJECT_VERSION = 1;
				DEVELOPMENT_TEAM = T7WCWPY535;
				MARKETING_VERSION = 1.0;
				PRODUCT_BUNDLE_IDENTIFIER = "com.higaki.watchos-golf-counter";
				PRODUCT_NAME = "$(TARGET_NAME)";
				SWIFT_VERSION = 5.0;
			};
			name = Release;
		};
/* End XCBuildConfiguration section */

/* Begin XCConfigurationList section */
		F662A27F278C8BD50085B9F8 /* Build configuration list for PBXProject "watchos golf counter" */ = {
			isa = XCConfigurationList;
			buildConfigurations = (
				F662A2A2278C8BDA0085B9F8 /* Debug */,
				F662A2A3278C8BDA0085B9F8 /* Release */,
			);
			defaultConfigurationIsVisible = 0;
			defaultConfigurationName = Release;
		};
		F662A2A4278C8BDA0085B9F8 /* Build configuration list for PBXNativeTarget "watchos golf counter WatchKit Extension" */ = {
			isa = XCConfigurationList;
			buildConfigurations = (
				F662A2A5278C8BDA0085B9F8 /* Debug */,
				F662A2A6278C8BDA0085B9F8 /* Release */,
			);
			defaultConfigurationIsVisible = 0;
			defaultConfigurationName = Release;
		};
		F662A2A8278C8BDA0085B9F8 /* Build configuration list for PBXNativeTarget "watchos golf counter WatchKit App" */ = {
			isa = XCConfigurationList;
			buildConfigurations = (
				F662A2A9278C8BDA0085B9F8 /* Debug */,
				F662A2AA278C8BDA0085B9F8 /* Release */,
			);
			defaultConfigurationIsVisible = 0;
			defaultConfigurationName = Release;
		};
		F662A2AC278C8BDA0085B9F8 /* Build configuration list for PBXNativeTarget "watchos golf counter" */ = {
			isa = XCConfigurationList;
			buildConfigurations = (
				F662A2AD278C8BDA0085B9F8 /* Debug */,
				F662A2AE278C8BDA0085B9F8 /* Release */,
			);
			defaultConfigurationIsVisible = 0;
			defaultConfigurationName = Release;
		};
/* End XCConfigurationList section */
	};
	rootObject = F662A27C278C8BD50085B9F8 /* Project object */;
}
